{
  "requires": true,
  "lockfileVersion": 1,
  "dependencies": {
    "pegjs": {
      "version": "0.11.0-master.30f3260",
      "resolved": "https://registry.npmjs.org/pegjs/-/pegjs-0.11.0-master.30f3260.tgz",
      "integrity": "sha512-3vhANK28gnq2UJXy0ShTpaBrarSb8z9ZDZLBN3vhY1VUr1ML/vY7FX4SN4T3awokE6FrMV+oYf5pOKWAqe/AMA=="
    }
  }
}
