{
  "name": "simple-template",
  "version": "1.0.0",
  "lockfileVersion": 1,
  "requires": true,
  "dependencies": {
    "kleur": {
      "version": "3.0.3",
      "resolved": "https://registry.npmjs.org/kleur/-/kleur-3.0.3.tgz",
      "integrity": "sha512-eTIzlVOSUR+JxdDFepEYcBMtZ9Qqdef+rnzWdRZuMbOywu5tO2w2N7rqjoANZ5k9vywhL6Br1VRjUIgTQx4E8w=="
    },
    "minimist": {
      "version": "1.2.0",
      "resolved": "https://registry.npmjs.org/minimist/-/minimist-1.2.0.tgz",
      "integrity": "sha1-o1AIsg9BOD7sH7kU9M1d95omQoQ="
    },
    "pegjs": {
      "version": "0.11.0-master.f69239d",
      "resolved": "https://registry.npmjs.org/pegjs/-/pegjs-0.11.0-master.f69239d.tgz",
      "integrity": "sha512-8PXSaXnLh9hw0R/SfOL1b8JSgiPv1KSl8B1h+sP0uwngmx3Vk+QdB2cuBAT1lXPbP5necVZ2Dl2t4DfR3KKbZg=="
    },
    "pegjs-backtrace": {
      "version": "git+https://github.com/okaxaki/pegjs-backtrace.git#a5399daf73c28b6d7b1a0de23bd4e193d8b915e7",
      "from": "git+https://github.com/okaxaki/pegjs-backtrace.git"
    },
    "underscore": {
      "version": "1.12.1",
      "resolved": "https://registry.npmjs.org/underscore/-/underscore-1.12.1.tgz",
      "integrity": "sha512-hEQt0+ZLDVUMhebKxL4x1BTtDY7bavVofhZ9KZ4aI26X9SRaE+Y3m83XUL1UP2jn8ynjndwCCpEHdUG+9pP1Tw=="
    }
  }
}
